{
  "name": "henchat_nodejs",
  "version": "1.0.0",
  "lockfileVersion": 1,
  "requires": true,
  "dependencies": {
    "js-randstr": {
      "version": "1.0.2",
      "resolved": "https://registry.npmjs.org/js-randstr/-/js-randstr-1.0.2.tgz",
      "integrity": "sha1-qdysOHOvqH1aldHjnrIg3UELg3g="
    },
    "ws": {
      "version": "7.4.6",
      "resolved": "https://registry.npmjs.org/ws/-/ws-7.4.6.tgz",
      "integrity": "sha512-YmhHDO4MzaDLB+M9ym/mDA5z0naX8j7SIlT8f8z+I0VtzsRbekxEutHSme7NPS2qE8StCYQNUnfWdXta/Yu85A=="
    }
  }
}
